
Microsoft Visual Studio Solution File, Format Version 12.00
# Visual Studio Version 17
VisualStudioVersion = 17.1.32414.318
MinimumVisualStudioVersion = 10.0.40219.1
Project("{FAE04EC0-301F-11D3-BF4B-00C04F79EFBC}") = "WordleAppOOP", "WordleAppOOP.csproj", "{96190CEF-AF3E-44CF-9B2A-99507F44256C}"
EndProject
Global
	GlobalSection(SolutionConfigurationPlatforms) = preSolution
		Debug|Any CPU = Debug|Any CPU
		Release|Any CPU = Release|Any CPU
	EndGlobalSection
	GlobalSection(ProjectConfigurationPlatforms) = postSolution
		{96190CEF-AF3E-44CF-9B2A-99507F44256C}.Debug|Any CPU.ActiveCfg = Debug|Any CPU
		{96190CEF-AF3E-44CF-9B2A-99507F44256C}.Debug|Any CPU.Build.0 = Debug|Any CPU
		{96190CEF-AF3E-44CF-9B2A-99507F44256C}.Release|Any CPU.ActiveCfg = Release|Any CPU
		{96190CEF-AF3E-44CF-9B2A-99507F44256C}.Release|Any CPU.Build.0 = Release|Any CPU
	EndGlobalSection
	GlobalSection(SolutionProperties) = preSolution
		HideSolutionNode = FALSE
	EndGlobalSection
	GlobalSection(ExtensibilityGlobals) = postSolution
		SolutionGuid = {4F6F8EC7-F8E9-480E-A5A8-C17A114FA9F5}
	EndGlobalSection
EndGlobal
